// !$*UTF8*$!
{
	archiveVersion = 1;
	classes = {
	};
	objectVersion = 51;
	objects = {

/* Begin PBXBuildFile section */
		190A1562455C9749D37879BD /* Pods_9_SkillBox_new_version.framework in Frameworks */ = {isa = PBXBuildFile; fileRef = 21CB26DF901D53F46A938D63 /* Pods_9_SkillBox_new_version.framework */; };
		D257490526066D2B00A07FBE /* AppDelegate.swift in Sources */ = {isa = PBXBuildFile; fileRef = D257490426066D2B00A07FBE /* AppDelegate.swift */; };
		D257490726066D2B00A07FBE /* SceneDelegate.swift in Sources */ = {isa = PBXBuildFile; fileRef = D257490626066D2B00A07FBE /* SceneDelegate.swift */; };
		D257490926066D2B00A07FBE /* ViewController.swift in Sources */ = {isa = PBXBuildFile; fileRef = D257490826066D2B00A07FBE /* ViewController.swift */; };
		D257490C26066D2B00A07FBE /* Main.storyboard in Resources */ = {isa = PBXBuildFile; fileRef = D257490A26066D2B00A07FBE /* Main.storyboard */; };
		D257490F26066D2B00A07FBE /* __SkillBox_new_version.xcdatamodeld in Sources */ = {isa = PBXBuildFile; fileRef = D257490D26066D2B00A07FBE /* __SkillBox_new_version.xcdatamodeld */; };
		D257491126066D2E00A07FBE /* Assets.xcassets in Resources */ = {isa = PBXBuildFile; fileRef = D257491026066D2E00A07FBE /* Assets.xcassets */; };
		D257491426066D2E00A07FBE /* LaunchScreen.storyboard in Resources */ = {isa = PBXBuildFile; fileRef = D257491226066D2E00A07FBE /* LaunchScreen.storyboard */; };
		D2574926260693D400A07FBE /* KeyDefualts.swift in Sources */ = {isa = PBXBuildFile; fileRef = D2574925260693D400A07FBE /* KeyDefualts.swift */; };
/* End PBXBuildFile section */

/* Begin PBXFileReference section */
		045B62F83AABF7D416BF6BA3 /* Pods-9 SkillBox new version.debug.xcconfig */ = {isa = PBXFileReference; includeInIndex = 1; lastKnownFileType = text.xcconfig; name = "Pods-9 SkillBox new version.debug.xcconfig"; path = "Target Support Files/Pods-9 SkillBox new version/Pods-9 SkillBox new version.debug.xcconfig"; sourceTree = "<group>"; };
		21CB26DF901D53F46A938D63 /* Pods_9_SkillBox_new_version.framework */ = {isa = PBXFileReference; explicitFileType = wrapper.framework; includeInIndex = 0; path = Pods_9_SkillBox_new_version.framework; sourceTree = BUILT_PRODUCTS_DIR; };
		CEF5B8A132263779ABBFFB19 /* Pods-9 SkillBox new version.release.xcconfig */ = {isa = PBXFileReference; includeInIndex = 1; lastKnownFileType = text.xcconfig; name = "Pods-9 SkillBox new version.release.xcconfig"; path = "Target Support Files/Pods-9 SkillBox new version/Pods-9 SkillBox new version.release.xcconfig"; sourceTree = "<group>"; };
		D257490126066D2B00A07FBE /* 9 SkillBox new version.app */ = {isa = PBXFileReference; explicitFileType = wrapper.application; includeInIndex = 0; path = "9 SkillBox new version.app"; sourceTree = BUILT_PRODUCTS_DIR; };
		D257490426066D2B00A07FBE /* AppDelegate.swift */ = {isa = PBXFileReference; lastKnownFileType = sourcecode.swift; path = AppDelegate.swift; sourceTree = "<group>"; };
		D257490626066D2B00A07FBE /* SceneDelegate.swift */ = {isa = PBXFileReference; lastKnownFileType = sourcecode.swift; path = SceneDelegate.swift; sourceTree = "<group>"; };
		D257490826066D2B00A07FBE /* ViewController.swift */ = {isa = PBXFileReference; lastKnownFileType = sourcecode.swift; path = ViewController.swift; sourceTree = "<group>"; };
		D257490B26066D2B00A07FBE /* Base */ = {isa = PBXFileReference; lastKnownFileType = file.storyboard; name = Base; path = Base.lproj/Main.storyboard; sourceTree = "<group>"; };
		D257490E26066D2B00A07FBE /* __SkillBox_new_version.xcdatamodel */ = {isa = PBXFileReference; lastKnownFileType = wrapper.xcdatamodel; path = __SkillBox_new_version.xcdatamodel; sourceTree = "<group>"; };
		D257491026066D2E00A07FBE /* Assets.xcassets */ = {isa = PBXFileReference; lastKnownFileType = folder.assetcatalog; path = Assets.xcassets; sourceTree = "<group>"; };
		D257491326066D2E00A07FBE /* Base */ = {isa = PBXFileReference; lastKnownFileType = file.storyboard; name = Base; path = Base.lproj/LaunchScreen.storyboard; sourceTree = "<group>"; };
		D257491526066D2E00A07FBE /* Info.plist */ = {isa = PBXFileReference; lastKnownFileType = text.plist.xml; path = Info.plist; sourceTree = "<group>"; };
		D2574925260693D400A07FBE /* KeyDefualts.swift */ = {isa = PBXFileReference; lastKnownFileType = sourcecode.swift; path = KeyDefualts.swift; sourceTree = "<group>"; };
/* End PBXFileReference section */

/* Begin PBXFrameworksBuildPhase section */
		D25748FE26066D2B00A07FBE /* Frameworks */ = {
			isa = PBXFrameworksBuildPhase;
			buildActionMask = 2147483647;
			files = (
				190A1562455C9749D37879BD /* Pods_9_SkillBox_new_version.framework in Frameworks */,
			);
			runOnlyForDeploymentPostprocessing = 0;
		};
/* End PBXFrameworksBuildPhase section */

/* Begin PBXGroup section */
		90F913653A0E59122F0F6509 /* Pods */ = {
			isa = PBXGroup;
			children = (
				045B62F83AABF7D416BF6BA3 /* Pods-9 SkillBox new version.debug.xcconfig */,
				CEF5B8A132263779ABBFFB19 /* Pods-9 SkillBox new version.release.xcconfig */,
			);
			path = Pods;
			sourceTree = "<group>";
		};
		D25748F826066D2B00A07FBE = {
			isa = PBXGroup;
			children = (
				D257490326066D2B00A07FBE /* 9 SkillBox new version */,
				D257490226066D2B00A07FBE /* Products */,
				90F913653A0E59122F0F6509 /* Pods */,
				E38F464260722C40031B3D1E /* Frameworks */,
			);
			sourceTree = "<group>";
		};
		D257490226066D2B00A07FBE /* Products */ = {
			isa = PBXGroup;
			children = (
				D257490126066D2B00A07FBE /* 9 SkillBox new version.app */,
			);
			name = Products;
			sourceTree = "<group>";
		};
		D257490326066D2B00A07FBE /* 9 SkillBox new version */ = {
			isa = PBXGroup;
			children = (
				D257490426066D2B00A07FBE /* AppDelegate.swift */,
				D257490626066D2B00A07FBE /* SceneDelegate.swift */,
				D25749232606934A00A07FBE /* 1 */,
				D257490A26066D2B00A07FBE /* Main.storyboard */,
				D257491026066D2E00A07FBE /* Assets.xcassets */,
				D257491226066D2E00A07FBE /* LaunchScreen.storyboard */,
				D257491526066D2E00A07FBE /* Info.plist */,
				D257490D26066D2B00A07FBE /* __SkillBox_new_version.xcdatamodeld */,
			);
			path = "9 SkillBox new version";
			sourceTree = "<group>";
		};
		D25749232606934A00A07FBE /* 1 */ = {
			isa = PBXGroup;
			children = (
				D257490826066D2B00A07FBE /* ViewController.swift */,
				D2574925260693D400A07FBE /* KeyDefualts.swift */,
			);
			path = 1;
			sourceTree = "<group>";
		};
		E38F464260722C40031B3D1E /* Frameworks */ = {
			isa = PBXGroup;
			children = (
				21CB26DF901D53F46A938D63 /* Pods_9_SkillBox_new_version.framework */,
			);
			name = Frameworks;
			sourceTree = "<group>";
		};
/* End PBXGroup section */

/* Begin PBXNativeTarget section */
		D257490026066D2B00A07FBE /* 9 SkillBox new version */ = {
			isa = PBXNativeTarget;
			buildConfigurationList = D257491826066D2E00A07FBE /* Build configuration list for PBXNativeTarget "9 SkillBox new version" */;
			buildPhases = (
				CC8DEC9FDDC57ABBC84DCAF7 /* [CP] Check Pods Manifest.lock */,
				D25748FD26066D2B00A07FBE /* Sources */,
				D25748FE26066D2B00A07FBE /* Frameworks */,
				D25748FF26066D2B00A07FBE /* Resources */,
				86778E6050B372F54003703B /* [CP] Embed Pods Frameworks */,
			);
			buildRules = (
			);
			dependencies = (
			);
			name = "9 SkillBox new version";
			productName = "9 SkillBox new version";
			productReference = D257490126066D2B00A07FBE /* 9 SkillBox new version.app */;
			productType = "com.apple.product-type.application";
		};
/* End PBXNativeTarget section */

/* Begin PBXProject section */
		D25748F926066D2B00A07FBE /* Project object */ = {
			isa = PBXProject;
			attributes = {
				LastSwiftUpdateCheck = 1230;
				LastUpgradeCheck = 1230;
				TargetAttributes = {
					D257490026066D2B00A07FBE = {
						CreatedOnToolsVersion = 12.3;
					};
				};
			};
			buildConfigurationList = D25748FC26066D2B00A07FBE /* Build configuration list for PBXProject "9 SkillBox new version" */;
			compatibilityVersion = "Xcode 9.3";
			developmentRegion = en;
			hasScannedForEncodings = 0;
			knownRegions = (
				en,
				Base,
			);
			mainGroup = D25748F826066D2B00A07FBE;
			productRefGroup = D257490226066D2B00A07FBE /* Products */;
			projectDirPath = "";
			projectRoot = "";
			targets = (
				D257490026066D2B00A07FBE /* 9 SkillBox new version */,
			);
		};
/* End PBXProject section */

/* Begin PBXResourcesBuildPhase section */
		D25748FF26066D2B00A07FBE /* Resources */ = {
			isa = PBXResourcesBuildPhase;
			buildActionMask = 2147483647;
			files = (
				D257491426066D2E00A07FBE /* LaunchScreen.storyboard in Resources */,
				D257491126066D2E00A07FBE /* Assets.xcassets in Resources */,
				D257490C26066D2B00A07FBE /* Main.storyboard in Resources */,
			);
			runOnlyForDeploymentPostprocessing = 0;
		};
/* End PBXResourcesBuildPhase section */

/* Begin PBXShellScriptBuildPhase section */
		86778E6050B372F54003703B /* [CP] Embed Pods Frameworks */ = {
			isa = PBXShellScriptBuildPhase;
			buildActionMask = 2147483647;
			files = (
			);
			inputFileListPaths = (
				"${PODS_ROOT}/Target Support Files/Pods-9 SkillBox new version/Pods-9 SkillBox new version-frameworks-${CONFIGURATION}-input-files.xcfilelist",
			);
			name = "[CP] Embed Pods Frameworks";
			outputFileListPaths = (
				"${PODS_ROOT}/Target Support Files/Pods-9 SkillBox new version/Pods-9 SkillBox new version-frameworks-${CONFIGURATION}-output-files.xcfilelist",
			);
			runOnlyForDeploymentPostprocessing = 0;
			shellPath = /bin/sh;
			shellScript = "\"${PODS_ROOT}/Target Support Files/Pods-9 SkillBox new version/Pods-9 SkillBox new version-frameworks.sh\"\n";
			showEnvVarsInLog = 0;
		};
		CC8DEC9FDDC57ABBC84DCAF7 /* [CP] Check Pods Manifest.lock */ = {
			isa = PBXShellScriptBuildPhase;
			buildActionMask = 2147483647;
			files = (
			);
			inputFileListPaths = (
			);
			inputPaths = (
				"${PODS_PODFILE_DIR_PATH}/Podfile.lock",
				"${PODS_ROOT}/Manifest.lock",
			);
			name = "[CP] Check Pods Manifest.lock";
			outputFileListPaths = (
			);
			outputPaths = (
				"$(DERIVED_FILE_DIR)/Pods-9 SkillBox new version-checkManifestLockResult.txt",
			);
			runOnlyForDeploymentPostprocessing = 0;
			shellPath = /bin/sh;
			shellScript = "diff \"${PODS_PODFILE_DIR_PATH}/Podfile.lock\" \"${PODS_ROOT}/Manifest.lock\" > /dev/null\nif [ $? != 0 ] ; then\n    # print error to STDERR\n    echo \"error: The sandbox is not in sync with the Podfile.lock. Run 'pod install' or update your CocoaPods installation.\" >&2\n    exit 1\nfi\n# This output is used by Xcode 'outputs' to avoid re-running this script phase.\necho \"SUCCESS\" > \"${SCRIPT_OUTPUT_FILE_0}\"\n";
			showEnvVarsInLog = 0;
		};
/* End PBXShellScriptBuildPhase section */

/* Begin PBXSourcesBuildPhase section */
		D25748FD26066D2B00A07FBE /* Sources */ = {
			isa = PBXSourcesBuildPhase;
			buildActionMask = 2147483647;
			files = (
				D257490926066D2B00A07FBE /* ViewController.swift in Sources */,
				D2574926260693D400A07FBE /* KeyDefualts.swift in Sources */,
				D257490526066D2B00A07FBE /* AppDelegate.swift in Sources */,
				D257490726066D2B00A07FBE /* SceneDelegate.swift in Sources */,
				D257490F26066D2B00A07FBE /* __SkillBox_new_version.xcdatamodeld in Sources */,
			);
			runOnlyForDeploymentPostprocessing = 0;
		};
/* End PBXSourcesBuildPhase section */

/* Begin PBXVariantGroup section */
		D257490A26066D2B00A07FBE /* Main.storyboard */ = {
			isa = PBXVariantGroup;
			children = (
				D257490B26066D2B00A07FBE /* Base */,
			);
			name = Main.storyboard;
			sourceTree = "<group>";
		};
		D257491226066D2E00A07FBE /* LaunchScreen.storyboard */ = {
			isa = PBXVariantGroup;
			children = (
				D257491326066D2E00A07FBE /* Base */,
			);
			name = LaunchScreen.storyboard;
			sourceTree = "<group>";
		};
/* End PBXVariantGroup section */

/* Begin XCBuildConfiguration section */
		D257491626066D2E00A07FBE /* Debug */ = {
			isa = XCBuildConfiguration;
			buildSettings = {
				ALWAYS_SEARCH_USER_PATHS = NO;
				CLANG_ANALYZER_NONNULL = YES;
				CLANG_ANALYZER_NUMBER_OBJECT_CONVERSION = YES_AGGRESSIVE;
				CLANG_CXX_LANGUAGE_STANDARD = "gnu++14";
				CLANG_CXX_LIBRARY = "libc++";
				CLANG_ENABLE_MODULES = YES;
				CLANG_ENABLE_OBJC_ARC = YES;
				CLANG_ENABLE_OBJC_WEAK = YES;
				CLANG_WARN_BLOCK_CAPTURE_AUTORELEASING = YES;
				CLANG_WARN_BOOL_CONVERSION = YES;
				CLANG_WARN_COMMA = YES;
				CLANG_WARN_CONSTANT_CONVERSION = YES;
				CLANG_WARN_DEPRECATED_OBJC_IMPLEMENTATIONS = YES;
				CLANG_WARN_DIRECT_OBJC_ISA_USAGE = YES_ERROR;
				CLANG_WARN_DOCUMENTATION_COMMENTS = YES;
				CLANG_WARN_EMPTY_BODY = YES;
				CLANG_WARN_ENUM_CONVERSION = YES;
				CLANG_WARN_INFINITE_RECURSION = YES;
				CLANG_WARN_INT_CONVERSION = YES;
				CLANG_WARN_NON_LITERAL_NULL_CONVERSION = YES;
				CLANG_WARN_OBJC_IMPLICIT_RETAIN_SELF = YES;
				CLANG_WARN_OBJC_LITERAL_CONVERSION = YES;
				CLANG_WARN_OBJC_ROOT_CLASS = YES_ERROR;
				CLANG_WARN_QUOTED_INCLUDE_IN_FRAMEWORK_HEADER = YES;
				CLANG_WARN_RANGE_LOOP_ANALYSIS = YES;
				CLANG_WARN_STRICT_PROTOTYPES = YES;
				CLANG_WARN_SUSPICIOUS_MOVE = YES;
				CLANG_WARN_UNGUARDED_AVAILABILITY = YES_AGGRESSIVE;
				CLANG_WARN_UNREACHABLE_CODE = YES;
				CLANG_WARN__DUPLICATE_METHOD_MATCH = YES;
				COPY_PHASE_STRIP = NO;
				DEBUG_INFORMATION_FORMAT = dwarf;
				ENABLE_STRICT_OBJC_MSGSEND = YES;
				ENABLE_TESTABILITY = YES;
				GCC_C_LANGUAGE_STANDARD = gnu11;
				GCC_DYNAMIC_NO_PIC = NO;
				GCC_NO_COMMON_BLOCKS = YES;
				GCC_OPTIMIZATION_LEVEL = 0;
				GCC_PREPROCESSOR_DEFINITIONS = (
					"DEBUG=1",
					"$(inherited)",
				);
				GCC_WARN_64_TO_32_BIT_CONVERSION = YES;
				GCC_WARN_ABOUT_RETURN_TYPE = YES_ERROR;
				GCC_WARN_UNDECLARED_SELECTOR = YES;
				GCC_WARN_UNINITIALIZED_AUTOS = YES_AGGRESSIVE;
				GCC_WARN_UNUSED_FUNCTION = YES;
				GCC_WARN_UNUSED_VARIABLE = YES;
				IPHONEOS_DEPLOYMENT_TARGET = 14.3;
				MTL_ENABLE_DEBUG_INFO = INCLUDE_SOURCE;
				MTL_FAST_MATH = YES;
				ONLY_ACTIVE_ARCH = YES;
				SDKROOT = iphoneos;
				SWIFT_ACTIVE_COMPILATION_CONDITIONS = DEBUG;
				SWIFT_OPTIMIZATION_LEVEL = "-Onone";
			};
			name = Debug;
		};
		D257491726066D2E00A07FBE /* Release */ = {
			isa = XCBuildConfiguration;
			buildSettings = {
				ALWAYS_SEARCH_USER_PATHS = NO;
				CLANG_ANALYZER_NONNULL = YES;
				CLANG_ANALYZER_NUMBER_OBJECT_CONVERSION = YES_AGGRESSIVE;
				CLANG_CXX_LANGUAGE_STANDARD = "gnu++14";
				CLANG_CXX_LIBRARY = "libc++";
				CLANG_ENABLE_MODULES = YES;
				CLANG_ENABLE_OBJC_ARC = YES;
				CLANG_ENABLE_OBJC_WEAK = YES;
				CLANG_WARN_BLOCK_CAPTURE_AUTORELEASING = YES;
				CLANG_WARN_BOOL_CONVERSION = YES;
				CLANG_WARN_COMMA = YES;
				CLANG_WARN_CONSTANT_CONVERSION = YES;
				CLANG_WARN_DEPRECATED_OBJC_IMPLEMENTATIONS = YES;
				CLANG_WARN_DIRECT_OBJC_ISA_USAGE = YES_ERROR;
				CLANG_WARN_DOCUMENTATION_COMMENTS = YES;
				CLANG_WARN_EMPTY_BODY = YES;
				CLANG_WARN_ENUM_CONVERSION = YES;
				CLANG_WARN_INFINITE_RECURSION = YES;
				CLANG_WARN_INT_CONVERSION = YES;
				CLANG_WARN_NON_LITERAL_NULL_CONVERSION = YES;
				CLANG_WARN_OBJC_IMPLICIT_RETAIN_SELF = YES;
				CLANG_WARN_OBJC_LITERAL_CONVERSION = YES;
				CLANG_WARN_OBJC_ROOT_CLASS = YES_ERROR;
				CLANG_WARN_QUOTED_INCLUDE_IN_FRAMEWORK_HEADER = YES;
				CLANG_WARN_RANGE_LOOP_ANALYSIS = YES;
				CLANG_WARN_STRICT_PROTOTYPES = YES;
				CLANG_WARN_SUSPICIOUS_MOVE = YES;
				CLANG_WARN_UNGUARDED_AVAILABILITY = YES_AGGRESSIVE;
				CLANG_WARN_UNREACHABLE_CODE = YES;
				CLANG_WARN__DUPLICATE_METHOD_MATCH = YES;
				COPY_PHASE_STRIP = NO;
				DEBUG_INFORMATION_FORMAT = "dwarf-with-dsym";
				ENABLE_NS_ASSERTIONS = NO;
				ENABLE_STRICT_OBJC_MSGSEND = YES;
				GCC_C_LANGUAGE_STANDARD = gnu11;
				GCC_NO_COMMON_BLOCKS = YES;
				GCC_WARN_64_TO_32_BIT_CONVERSION = YES;
				GCC_WARN_ABOUT_RETURN_TYPE = YES_ERROR;
				GCC_WARN_UNDECLARED_SELECTOR = YES;
				GCC_WARN_UNINITIALIZED_AUTOS = YES_AGGRESSIVE;
				GCC_WARN_UNUSED_FUNCTION = YES;
				GCC_WARN_UNUSED_VARIABLE = YES;
				IPHONEOS_DEPLOYMENT_TARGET = 14.3;
				MTL_ENABLE_DEBUG_INFO = NO;
				MTL_FAST_MATH = YES;
				SDKROOT = iphoneos;
				SWIFT_COMPILATION_MODE = wholemodule;
				SWIFT_OPTIMIZATION_LEVEL = "-O";
				VALIDATE_PRODUCT = YES;
			};
			name = Release;
		};
		D257491926066D2E00A07FBE /* Debug */ = {
			isa = XCBuildConfiguration;
			baseConfigurationReference = 045B62F83AABF7D416BF6BA3 /* Pods-9 SkillBox new version.debug.xcconfig */;
			buildSettings = {
				ASSETCATALOG_COMPILER_APPICON_NAME = AppIcon;
				ASSETCATALOG_COMPILER_GLOBAL_ACCENT_COLOR_NAME = AccentColor;
				CODE_SIGN_STYLE = Automatic;
				DEVELOPMENT_TEAM = UJ8B9FFXUA;
				INFOPLIST_FILE = "9 SkillBox new version/Info.plist";
				LD_RUNPATH_SEARCH_PATHS = (
					"$(inherited)",
					"@executable_path/Frameworks",
				);
				PRODUCT_BUNDLE_IDENTIFIER = "KiKoTeam.--SkillBox-new-version";
				PRODUCT_NAME = "$(TARGET_NAME)";
				SWIFT_VERSION = 5.0;
				TARGETED_DEVICE_FAMILY = "1,2";
			};
			name = Debug;
		};
		D257491A26066D2E00A07FBE /* Release */ = {
			isa = XCBuildConfiguration;
			baseConfigurationReference = CEF5B8A132263779ABBFFB19 /* Pods-9 SkillBox new version.release.xcconfig */;
			buildSettings = {
				ASSETCATALOG_COMPILER_APPICON_NAME = AppIcon;
				ASSETCATALOG_COMPILER_GLOBAL_ACCENT_COLOR_NAME = AccentColor;
				CODE_SIGN_STYLE = Automatic;
				DEVELOPMENT_TEAM = UJ8B9FFXUA;
				INFOPLIST_FILE = "9 SkillBox new version/Info.plist";
				LD_RUNPATH_SEARCH_PATHS = (
					"$(inherited)",
					"@executable_path/Frameworks",
				);
				PRODUCT_BUNDLE_IDENTIFIER = "KiKoTeam.--SkillBox-new-version";
				PRODUCT_NAME = "$(TARGET_NAME)";
				SWIFT_VERSION = 5.0;
				TARGETED_DEVICE_FAMILY = "1,2";
			};
			name = Release;
		};
/* End XCBuildConfiguration section */

/* Begin XCConfigurationList section */
		D25748FC26066D2B00A07FBE /* Build configuration list for PBXProject "9 SkillBox new version" */ = {
			isa = XCConfigurationList;
			buildConfigurations = (
				D257491626066D2E00A07FBE /* Debug */,
				D257491726066D2E00A07FBE /* Release */,
			);
			defaultConfigurationIsVisible = 0;
			defaultConfigurationName = Release;
		};
		D257491826066D2E00A07FBE /* Build configuration list for PBXNativeTarget "9 SkillBox new version" */ = {
			isa = XCConfigurationList;
			buildConfigurations = (
				D257491926066D2E00A07FBE /* Debug */,
				D257491A26066D2E00A07FBE /* Release */,
			);
			defaultConfigurationIsVisible = 0;
			defaultConfigurationName = Release;
		};
/* End XCConfigurationList section */

/* Begin XCVersionGroup section */
		D257490D26066D2B00A07FBE /* __SkillBox_new_version.xcdatamodeld */ = {
			isa = XCVersionGroup;
			children = (
				D257490E26066D2B00A07FBE /* __SkillBox_new_version.xcdatamodel */,
			);
			currentVersion = D257490E26066D2B00A07FBE /* __SkillBox_new_version.xcdatamodel */;
			path = __SkillBox_new_version.xcdatamodeld;
			sourceTree = "<group>";
			versionGroupType = wrapper.xcdatamodel;
		};
/* End XCVersionGroup section */
	};
	rootObject = D25748F926066D2B00A07FBE /* Project object */;
}
